// !$*UTF8*$!
{
	archiveVersion = 1;
	classes = {
	};
	objectVersion = 50;
	objects = {

/* Begin PBXBuildFile section */
		8690FBBA2343E895002EE6CB /* AppDelegate.swift in Sources */ = {isa = PBXBuildFile; fileRef = 8690FBB92343E895002EE6CB /* AppDelegate.swift */; };
		8690FBBC2343E895002EE6CB /* ViewController.swift in Sources */ = {isa = PBXBuildFile; fileRef = 8690FBBB2343E895002EE6CB /* ViewController.swift */; };
		8690FBBF2343E895002EE6CB /* Main.storyboard in Resources */ = {isa = PBXBuildFile; fileRef = 8690FBBD2343E895002EE6CB /* Main.storyboard */; };
		8690FBC12343E897002EE6CB /* Assets.xcassets in Resources */ = {isa = PBXBuildFile; fileRef = 8690FBC02343E897002EE6CB /* Assets.xcassets */; };
		8690FBC42343E897002EE6CB /* LaunchScreen.storyboard in Resources */ = {isa = PBXBuildFile; fileRef = 8690FBC22343E897002EE6CB /* LaunchScreen.storyboard */; };
		8690FBCF2343E898002EE6CB /* informacionTests.swift in Sources */ = {isa = PBXBuildFile; fileRef = 8690FBCE2343E898002EE6CB /* informacionTests.swift */; };
		8690FBDA2343E898002EE6CB /* informacionUITests.swift in Sources */ = {isa = PBXBuildFile; fileRef = 8690FBD92343E898002EE6CB /* informacionUITests.swift */; };
		8690FBE82343EA0E002EE6CB /* Contacto.swift in Sources */ = {isa = PBXBuildFile; fileRef = 8690FBE72343EA0E002EE6CB /* Contacto.swift */; };
		8690FBEA2343EC27002EE6CB /* CeldaContactoController.swift in Sources */ = {isa = PBXBuildFile; fileRef = 8690FBE92343EC27002EE6CB /* CeldaContactoController.swift */; };
		8690FBEC2343F739002EE6CB /* EditarContactoController.swift in Sources */ = {isa = PBXBuildFile; fileRef = 8690FBEB2343F739002EE6CB /* EditarContactoController.swift */; };
		86FD85102347E19F00A019A4 /* NuevoContactoController.swift in Sources */ = {isa = PBXBuildFile; fileRef = 86FD850F2347E19F00A019A4 /* NuevoContactoController.swift */; };
/* End PBXBuildFile section */

/* Begin PBXContainerItemProxy section */
		8690FBCB2343E898002EE6CB /* PBXContainerItemProxy */ = {
			isa = PBXContainerItemProxy;
			containerPortal = 8690FBAE2343E895002EE6CB /* Project object */;
			proxyType = 1;
			remoteGlobalIDString = 8690FBB52343E895002EE6CB;
			remoteInfo = informacion;
		};
		8690FBD62343E898002EE6CB /* PBXContainerItemProxy */ = {
			isa = PBXContainerItemProxy;
			containerPortal = 8690FBAE2343E895002EE6CB /* Project object */;
			proxyType = 1;
			remoteGlobalIDString = 8690FBB52343E895002EE6CB;
			remoteInfo = informacion;
		};
/* End PBXContainerItemProxy section */

/* Begin PBXFileReference section */
		8690FBB62343E895002EE6CB /* informacion.app */ = {isa = PBXFileReference; explicitFileType = wrapper.application; includeInIndex = 0; path = informacion.app; sourceTree = BUILT_PRODUCTS_DIR; };
		8690FBB92343E895002EE6CB /* AppDelegate.swift */ = {isa = PBXFileReference; lastKnownFileType = sourcecode.swift; path = AppDelegate.swift; sourceTree = "<group>"; };
		8690FBBB2343E895002EE6CB /* ViewController.swift */ = {isa = PBXFileReference; lastKnownFileType = sourcecode.swift; path = ViewController.swift; sourceTree = "<group>"; };
		8690FBBE2343E895002EE6CB /* Base */ = {isa = PBXFileReference; lastKnownFileType = file.storyboard; name = Base; path = Base.lproj/Main.storyboard; sourceTree = "<group>"; };
		8690FBC02343E897002EE6CB /* Assets.xcassets */ = {isa = PBXFileReference; lastKnownFileType = folder.assetcatalog; path = Assets.xcassets; sourceTree = "<group>"; };
		8690FBC32343E897002EE6CB /* Base */ = {isa = PBXFileReference; lastKnownFileType = file.storyboard; name = Base; path = Base.lproj/LaunchScreen.storyboard; sourceTree = "<group>"; };
		8690FBC52343E897002EE6CB /* Info.plist */ = {isa = PBXFileReference; lastKnownFileType = text.plist.xml; path = Info.plist; sourceTree = "<group>"; };
		8690FBCA2343E898002EE6CB /* informacionTests.xctest */ = {isa = PBXFileReference; explicitFileType = wrapper.cfbundle; includeInIndex = 0; path = informacionTests.xctest; sourceTree = BUILT_PRODUCTS_DIR; };
		8690FBCE2343E898002EE6CB /* informacionTests.swift */ = {isa = PBXFileReference; lastKnownFileType = sourcecode.swift; path = informacionTests.swift; sourceTree = "<group>"; };
		8690FBD02343E898002EE6CB /* Info.plist */ = {isa = PBXFileReference; lastKnownFileType = text.plist.xml; path = Info.plist; sourceTree = "<group>"; };
		8690FBD52343E898002EE6CB /* informacionUITests.xctest */ = {isa = PBXFileReference; explicitFileType = wrapper.cfbundle; includeInIndex = 0; path = informacionUITests.xctest; sourceTree = BUILT_PRODUCTS_DIR; };
		8690FBD92343E898002EE6CB /* informacionUITests.swift */ = {isa = PBXFileReference; lastKnownFileType = sourcecode.swift; path = informacionUITests.swift; sourceTree = "<group>"; };
		8690FBDB2343E898002EE6CB /* Info.plist */ = {isa = PBXFileReference; lastKnownFileType = text.plist.xml; path = Info.plist; sourceTree = "<group>"; };
		8690FBE72343EA0E002EE6CB /* Contacto.swift */ = {isa = PBXFileReference; lastKnownFileType = sourcecode.swift; path = Contacto.swift; sourceTree = "<group>"; };
		8690FBE92343EC27002EE6CB /* CeldaContactoController.swift */ = {isa = PBXFileReference; lastKnownFileType = sourcecode.swift; path = CeldaContactoController.swift; sourceTree = "<group>"; };
		8690FBEB2343F739002EE6CB /* EditarContactoController.swift */ = {isa = PBXFileReference; lastKnownFileType = sourcecode.swift; path = EditarContactoController.swift; sourceTree = "<group>"; };
		86FD850F2347E19F00A019A4 /* NuevoContactoController.swift */ = {isa = PBXFileReference; lastKnownFileType = sourcecode.swift; path = NuevoContactoController.swift; sourceTree = "<group>"; };
/* End PBXFileReference section */

/* Begin PBXFrameworksBuildPhase section */
		8690FBB32343E895002EE6CB /* Frameworks */ = {
			isa = PBXFrameworksBuildPhase;
			buildActionMask = 2147483647;
			files = (
			);
			runOnlyForDeploymentPostprocessing = 0;
		};
		8690FBC72343E898002EE6CB /* Frameworks */ = {
			isa = PBXFrameworksBuildPhase;
			buildActionMask = 2147483647;
			files = (
			);
			runOnlyForDeploymentPostprocessing = 0;
		};
		8690FBD22343E898002EE6CB /* Frameworks */ = {
			isa = PBXFrameworksBuildPhase;
			buildActionMask = 2147483647;
			files = (
			);
			runOnlyForDeploymentPostprocessing = 0;
		};
/* End PBXFrameworksBuildPhase section */

/* Begin PBXGroup section */
		8690FBAD2343E895002EE6CB = {
			isa = PBXGroup;
			children = (
				8690FBB82343E895002EE6CB /* informacion */,
				8690FBCD2343E898002EE6CB /* informacionTests */,
				8690FBD82343E898002EE6CB /* informacionUITests */,
				8690FBB72343E895002EE6CB /* Products */,
			);
			sourceTree = "<group>";
		};
		8690FBB72343E895002EE6CB /* Products */ = {
			isa = PBXGroup;
			children = (
				8690FBB62343E895002EE6CB /* informacion.app */,
				8690FBCA2343E898002EE6CB /* informacionTests.xctest */,
				8690FBD52343E898002EE6CB /* informacionUITests.xctest */,
			);
			name = Products;
			sourceTree = "<group>";
		};
		8690FBB82343E895002EE6CB /* informacion */ = {
			isa = PBXGroup;
			children = (
				8690FBB92343E895002EE6CB /* AppDelegate.swift */,
				8690FBBB2343E895002EE6CB /* ViewController.swift */,
				8690FBBD2343E895002EE6CB /* Main.storyboard */,
				8690FBC02343E897002EE6CB /* Assets.xcassets */,
				8690FBC22343E897002EE6CB /* LaunchScreen.storyboard */,
				8690FBC52343E897002EE6CB /* Info.plist */,
				8690FBE72343EA0E002EE6CB /* Contacto.swift */,
				8690FBE92343EC27002EE6CB /* CeldaContactoController.swift */,
				8690FBEB2343F739002EE6CB /* EditarContactoController.swift */,
				86FD850F2347E19F00A019A4 /* NuevoContactoController.swift */,
			);
			path = informacion;
			sourceTree = "<group>";
		};
		8690FBCD2343E898002EE6CB /* informacionTests */ = {
			isa = PBXGroup;
			children = (
				8690FBCE2343E898002EE6CB /* informacionTests.swift */,
				8690FBD02343E898002EE6CB /* Info.plist */,
			);
			path = informacionTests;
			sourceTree = "<group>";
		};
		8690FBD82343E898002EE6CB /* informacionUITests */ = {
			isa = PBXGroup;
			children = (
				8690FBD92343E898002EE6CB /* informacionUITests.swift */,
				8690FBDB2343E898002EE6CB /* Info.plist */,
			);
			path = informacionUITests;
			sourceTree = "<group>";
		};
/* End PBXGroup section */

/* Begin PBXNativeTarget section */
		8690FBB52343E895002EE6CB /* informacion */ = {
			isa = PBXNativeTarget;
			buildConfigurationList = 8690FBDE2343E898002EE6CB /* Build configuration list for PBXNativeTarget "informacion" */;
			buildPhases = (
				8690FBB22343E895002EE6CB /* Sources */,
				8690FBB32343E895002EE6CB /* Frameworks */,
				8690FBB42343E895002EE6CB /* Resources */,
			);
			buildRules = (
			);
			dependencies = (
			);
			name = informacion;
			productName = informacion;
			productReference = 8690FBB62343E895002EE6CB /* informacion.app */;
			productType = "com.apple.product-type.application";
		};
		8690FBC92343E898002EE6CB /* informacionTests */ = {
			isa = PBXNativeTarget;
			buildConfigurationList = 8690FBE12343E898002EE6CB /* Build configuration list for PBXNativeTarget "informacionTests" */;
			buildPhases = (
				8690FBC62343E898002EE6CB /* Sources */,
				8690FBC72343E898002EE6CB /* Frameworks */,
				8690FBC82343E898002EE6CB /* Resources */,
			);
			buildRules = (
			);
			dependencies = (
				8690FBCC2343E898002EE6CB /* PBXTargetDependency */,
			);
			name = informacionTests;
			productName = informacionTests;
			productReference = 8690FBCA2343E898002EE6CB /* informacionTests.xctest */;
			productType = "com.apple.product-type.bundle.unit-test";
		};
		8690FBD42343E898002EE6CB /* informacionUITests */ = {
			isa = PBXNativeTarget;
			buildConfigurationList = 8690FBE42343E898002EE6CB /* Build configuration list for PBXNativeTarget "informacionUITests" */;
			buildPhases = (
				8690FBD12343E898002EE6CB /* Sources */,
				8690FBD22343E898002EE6CB /* Frameworks */,
				8690FBD32343E898002EE6CB /* Resources */,
			);
			buildRules = (
			);
			dependencies = (
				8690FBD72343E898002EE6CB /* PBXTargetDependency */,
			);
			name = informacionUITests;
			productName = informacionUITests;
			productReference = 8690FBD52343E898002EE6CB /* informacionUITests.xctest */;
			productType = "com.apple.product-type.bundle.ui-testing";
		};
/* End PBXNativeTarget section */

/* Begin PBXProject section */
		8690FBAE2343E895002EE6CB /* Project object */ = {
			isa = PBXProject;
			attributes = {
				LastSwiftUpdateCheck = 1030;
				LastUpgradeCheck = 1030;
				ORGANIZATIONNAME = MaestroD1;
				TargetAttributes = {
					8690FBB52343E895002EE6CB = {
						CreatedOnToolsVersion = 10.3;
					};
					8690FBC92343E898002EE6CB = {
						CreatedOnToolsVersion = 10.3;
						TestTargetID = 8690FBB52343E895002EE6CB;
					};
					8690FBD42343E898002EE6CB = {
						CreatedOnToolsVersion = 10.3;
						TestTargetID = 8690FBB52343E895002EE6CB;
					};
				};
			};
			buildConfigurationList = 8690FBB12343E895002EE6CB /* Build configuration list for PBXProject "informacion" */;
			compatibilityVersion = "Xcode 9.3";
			developmentRegion = en;
			hasScannedForEncodings = 0;
			knownRegions = (
				en,
				Base,
			);
			mainGroup = 8690FBAD2343E895002EE6CB;
			productRefGroup = 8690FBB72343E895002EE6CB /* Products */;
			projectDirPath = "";
			projectRoot = "";
			targets = (
				8690FBB52343E895002EE6CB /* informacion */,
				8690FBC92343E898002EE6CB /* informacionTests */,
				8690FBD42343E898002EE6CB /* informacionUITests */,
			);
		};
/* End PBXProject section */

/* Begin PBXResourcesBuildPhase section */
		8690FBB42343E895002EE6CB /* Resources */ = {
			isa = PBXResourcesBuildPhase;
			buildActionMask = 2147483647;
			files = (
				8690FBC42343E897002EE6CB /* LaunchScreen.storyboard in Resources */,
				8690FBC12343E897002EE6CB /* Assets.xcassets in Resources */,
				8690FBBF2343E895002EE6CB /* Main.storyboard in Resources */,
			);
			runOnlyForDeploymentPostprocessing = 0;
		};
		8690FBC82343E898002EE6CB /* Resources */ = {
			isa = PBXResourcesBuildPhase;
			buildActionMask = 2147483647;
			files = (
			);
			runOnlyForDeploymentPostprocessing = 0;
		};
		8690FBD32343E898002EE6CB /* Resources */ = {
			isa = PBXResourcesBuildPhase;
			buildActionMask = 2147483647;
			files = (
			);
			runOnlyForDeploymentPostprocessing = 0;
		};
/* End PBXResourcesBuildPhase section */

/* Begin PBXSourcesBuildPhase section */
		8690FBB22343E895002EE6CB /* Sources */ = {
			isa = PBXSourcesBuildPhase;
			buildActionMask = 2147483647;
			files = (
				86FD85102347E19F00A019A4 /* NuevoContactoController.swift in Sources */,
				8690FBEA2343EC27002EE6CB /* CeldaContactoController.swift in Sources */,
				8690FBBC2343E895002EE6CB /* ViewController.swift in Sources */,
				8690FBBA2343E895002EE6CB /* AppDelegate.swift in Sources */,
				8690FBE82343EA0E002EE6CB /* Contacto.swift in Sources */,
				8690FBEC2343F739002EE6CB /* EditarContactoController.swift in Sources */,
			);
			runOnlyForDeploymentPostprocessing = 0;
		};
		8690FBC62343E898002EE6CB /* Sources */ = {
			isa = PBXSourcesBuildPhase;
			buildActionMask = 2147483647;
			files = (
				8690FBCF2343E898002EE6CB /* informacionTests.swift in Sources */,
			);
			runOnlyForDeploymentPostprocessing = 0;
		};
		8690FBD12343E898002EE6CB /* Sources */ = {
			isa = PBXSourcesBuildPhase;
			buildActionMask = 2147483647;
			files = (
				8690FBDA2343E898002EE6CB /* informacionUITests.swift in Sources */,
			);
			runOnlyForDeploymentPostprocessing = 0;
		};
/* End PBXSourcesBuildPhase section */

/* Begin PBXTargetDependency section */
		8690FBCC2343E898002EE6CB /* PBXTargetDependency */ = {
			isa = PBXTargetDependency;
			target = 8690FBB52343E895002EE6CB /* informacion */;
			targetProxy = 8690FBCB2343E898002EE6CB /* PBXContainerItemProxy */;
		};
		8690FBD72343E898002EE6CB /* PBXTargetDependency */ = {
			isa = PBXTargetDependency;
			target = 8690FBB52343E895002EE6CB /* informacion */;
			targetProxy = 8690FBD62343E898002EE6CB /* PBXContainerItemProxy */;
		};
/* End PBXTargetDependency section */

/* Begin PBXVariantGroup section */
		8690FBBD2343E895002EE6CB /* Main.storyboard */ = {
			isa = PBXVariantGroup;
			children = (
				8690FBBE2343E895002EE6CB /* Base */,
			);
			name = Main.storyboard;
			sourceTree = "<group>";
		};
		8690FBC22343E897002EE6CB /* LaunchScreen.storyboard */ = {
			isa = PBXVariantGroup;
			children = (
				8690FBC32343E897002EE6CB /* Base */,
			);
			name = LaunchScreen.storyboard;
			sourceTree = "<group>";
		};
/* End PBXVariantGroup section */

/* Begin XCBuildConfiguration section */
		8690FBDC2343E898002EE6CB /* Debug */ = {
			isa = XCBuildConfiguration;
			buildSettings = {
				ALWAYS_SEARCH_USER_PATHS = NO;
				CLANG_ANALYZER_NONNULL = YES;
				CLANG_ANALYZER_NUMBER_OBJECT_CONVERSION = YES_AGGRESSIVE;
				CLANG_CXX_LANGUAGE_STANDARD = "gnu++14";
				CLANG_CXX_LIBRARY = "libc++";
				CLANG_ENABLE_MODULES = YES;
				CLANG_ENABLE_OBJC_ARC = YES;
				CLANG_ENABLE_OBJC_WEAK = YES;
				CLANG_WARN_BLOCK_CAPTURE_AUTORELEASING = YES;
				CLANG_WARN_BOOL_CONVERSION = YES;
				CLANG_WARN_COMMA = YES;
				CLANG_WARN_CONSTANT_CONVERSION = YES;
				CLANG_WARN_DEPRECATED_OBJC_IMPLEMENTATIONS = YES;
				CLANG_WARN_DIRECT_OBJC_ISA_USAGE = YES_ERROR;
				CLANG_WARN_DOCUMENTATION_COMMENTS = YES;
				CLANG_WARN_EMPTY_BODY = YES;
				CLANG_WARN_ENUM_CONVERSION = YES;
				CLANG_WARN_INFINITE_RECURSION = YES;
				CLANG_WARN_INT_CONVERSION = YES;
				CLANG_WARN_NON_LITERAL_NULL_CONVERSION = YES;
				CLANG_WARN_OBJC_IMPLICIT_RETAIN_SELF = YES;
				CLANG_WARN_OBJC_LITERAL_CONVERSION = YES;
				CLANG_WARN_OBJC_ROOT_CLASS = YES_ERROR;
				CLANG_WARN_RANGE_LOOP_ANALYSIS = YES;
				CLANG_WARN_STRICT_PROTOTYPES = YES;
				CLANG_WARN_SUSPICIOUS_MOVE = YES;
				CLANG_WARN_UNGUARDED_AVAILABILITY = YES_AGGRESSIVE;
				CLANG_WARN_UNREACHABLE_CODE = YES;
				CLANG_WARN__DUPLICATE_METHOD_MATCH = YES;
				CODE_SIGN_IDENTITY = "iPhone Developer";
				COPY_PHASE_STRIP = NO;
				DEBUG_INFORMATION_FORMAT = dwarf;
				ENABLE_STRICT_OBJC_MSGSEND = YES;
				ENABLE_TESTABILITY = YES;
				GCC_C_LANGUAGE_STANDARD = gnu11;
				GCC_DYNAMIC_NO_PIC = NO;
				GCC_NO_COMMON_BLOCKS = YES;
				GCC_OPTIMIZATION_LEVEL = 0;
				GCC_PREPROCESSOR_DEFINITIONS = (
					"DEBUG=1",
					"$(inherited)",
				);
				GCC_WARN_64_TO_32_BIT_CONVERSION = YES;
				GCC_WARN_ABOUT_RETURN_TYPE = YES_ERROR;
				GCC_WARN_UNDECLARED_SELECTOR = YES;
				GCC_WARN_UNINITIALIZED_AUTOS = YES_AGGRESSIVE;
				GCC_WARN_UNUSED_FUNCTION = YES;
				GCC_WARN_UNUSED_VARIABLE = YES;
				IPHONEOS_DEPLOYMENT_TARGET = 12.4;
				MTL_ENABLE_DEBUG_INFO = INCLUDE_SOURCE;
				MTL_FAST_MATH = YES;
				ONLY_ACTIVE_ARCH = YES;
				SDKROOT = iphoneos;
				SWIFT_ACTIVE_COMPILATION_CONDITIONS = DEBUG;
				SWIFT_OPTIMIZATION_LEVEL = "-Onone";
			};
			name = Debug;
		};
		8690FBDD2343E898002EE6CB /* Release */ = {
			isa = XCBuildConfiguration;
			buildSettings = {
				ALWAYS_SEARCH_USER_PATHS = NO;
				CLANG_ANALYZER_NONNULL = YES;
				CLANG_ANALYZER_NUMBER_OBJECT_CONVERSION = YES_AGGRESSIVE;
				CLANG_CXX_LANGUAGE_STANDARD = "gnu++14";
				CLANG_CXX_LIBRARY = "libc++";
				CLANG_ENABLE_MODULES = YES;
				CLANG_ENABLE_OBJC_ARC = YES;
				CLANG_ENABLE_OBJC_WEAK = YES;
				CLANG_WARN_BLOCK_CAPTURE_AUTORELEASING = YES;
				CLANG_WARN_BOOL_CONVERSION = YES;
				CLANG_WARN_COMMA = YES;
				CLANG_WARN_CONSTANT_CONVERSION = YES;
				CLANG_WARN_DEPRECATED_OBJC_IMPLEMENTATIONS = YES;
				CLANG_WARN_DIRECT_OBJC_ISA_USAGE = YES_ERROR;
				CLANG_WARN_DOCUMENTATION_COMMENTS = YES;
				CLANG_WARN_EMPTY_BODY = YES;
				CLANG_WARN_ENUM_CONVERSION = YES;
				CLANG_WARN_INFINITE_RECURSION = YES;
				CLANG_WARN_INT_CONVERSION = YES;
				CLANG_WARN_NON_LITERAL_NULL_CONVERSION = YES;
				CLANG_WARN_OBJC_IMPLICIT_RETAIN_SELF = YES;
				CLANG_WARN_OBJC_LITERAL_CONVERSION = YES;
				CLANG_WARN_OBJC_ROOT_CLASS = YES_ERROR;
				CLANG_WARN_RANGE_LOOP_ANALYSIS = YES;
				CLANG_WARN_STRICT_PROTOTYPES = YES;
				CLANG_WARN_SUSPICIOUS_MOVE = YES;
				CLANG_WARN_UNGUARDED_AVAILABILITY = YES_AGGRESSIVE;
				CLANG_WARN_UNREACHABLE_CODE = YES;
				CLANG_WARN__DUPLICATE_METHOD_MATCH = YES;
				CODE_SIGN_IDENTITY = "iPhone Developer";
				COPY_PHASE_STRIP = NO;
				DEBUG_INFORMATION_FORMAT = "dwarf-with-dsym";
				ENABLE_NS_ASSERTIONS = NO;
				ENABLE_STRICT_OBJC_MSGSEND = YES;
				GCC_C_LANGUAGE_STANDARD = gnu11;
				GCC_NO_COMMON_BLOCKS = YES;
				GCC_WARN_64_TO_32_BIT_CONVERSION = YES;
				GCC_WARN_ABOUT_RETURN_TYPE = YES_ERROR;
				GCC_WARN_UNDECLARED_SELECTOR = YES;
				GCC_WARN_UNINITIALIZED_AUTOS = YES_AGGRESSIVE;
				GCC_WARN_UNUSED_FUNCTION = YES;
				GCC_WARN_UNUSED_VARIABLE = YES;
				IPHONEOS_DEPLOYMENT_TARGET = 12.4;
				MTL_ENABLE_DEBUG_INFO = NO;
				MTL_FAST_MATH = YES;
				SDKROOT = iphoneos;
				SWIFT_COMPILATION_MODE = wholemodule;
				SWIFT_OPTIMIZATION_LEVEL = "-O";
				VALIDATE_PRODUCT = YES;
			};
			name = Release;
		};
		8690FBDF2343E898002EE6CB /* Debug */ = {
			isa = XCBuildConfiguration;
			buildSettings = {
				ASSETCATALOG_COMPILER_APPICON_NAME = AppIcon;
				CODE_SIGN_STYLE = Automatic;
				INFOPLIST_FILE = informacion/Info.plist;
				LD_RUNPATH_SEARCH_PATHS = (
					"$(inherited)",
					"@executable_path/Frameworks",
				);
				PRODUCT_BUNDLE_IDENTIFIER = edu.ulsa.informacion;
				PRODUCT_NAME = "$(TARGET_NAME)";
				SWIFT_VERSION = 5.0;
				TARGETED_DEVICE_FAMILY = "1,2";
			};
			name = Debug;
		};
		8690FBE02343E898002EE6CB /* Release */ = {
			isa = XCBuildConfiguration;
			buildSettings = {
				ASSETCATALOG_COMPILER_APPICON_NAME = AppIcon;
				CODE_SIGN_STYLE = Automatic;
				INFOPLIST_FILE = informacion/Info.plist;
				LD_RUNPATH_SEARCH_PATHS = (
					"$(inherited)",
					"@executable_path/Frameworks",
				);
				PRODUCT_BUNDLE_IDENTIFIER = edu.ulsa.informacion;
				PRODUCT_NAME = "$(TARGET_NAME)";
				SWIFT_VERSION = 5.0;
				TARGETED_DEVICE_FAMILY = "1,2";
			};
			name = Release;
		};
		8690FBE22343E898002EE6CB /* Debug */ = {
			isa = XCBuildConfiguration;
			buildSettings = {
				ALWAYS_EMBED_SWIFT_STANDARD_LIBRARIES = YES;
				BUNDLE_LOADER = "$(TEST_HOST)";
				CODE_SIGN_STYLE = Automatic;
				INFOPLIST_FILE = informacionTests/Info.plist;
				LD_RUNPATH_SEARCH_PATHS = (
					"$(inherited)",
					"@executable_path/Frameworks",
					"@loader_path/Frameworks",
				);
				PRODUCT_BUNDLE_IDENTIFIER = edu.ulsa.informacionTests;
				PRODUCT_NAME = "$(TARGET_NAME)";
				SWIFT_VERSION = 5.0;
				TARGETED_DEVICE_FAMILY = "1,2";
				TEST_HOST = "$(BUILT_PRODUCTS_DIR)/informacion.app/informacion";
			};
			name = Debug;
		};
		8690FBE32343E898002EE6CB /* Release */ = {
			isa = XCBuildConfiguration;
			buildSettings = {
				ALWAYS_EMBED_SWIFT_STANDARD_LIBRARIES = YES;
				BUNDLE_LOADER = "$(TEST_HOST)";
				CODE_SIGN_STYLE = Automatic;
				INFOPLIST_FILE = informacionTests/Info.plist;
				LD_RUNPATH_SEARCH_PATHS = (
					"$(inherited)",
					"@executable_path/Frameworks",
					"@loader_path/Frameworks",
				);
				PRODUCT_BUNDLE_IDENTIFIER = edu.ulsa.informacionTests;
				PRODUCT_NAME = "$(TARGET_NAME)";
				SWIFT_VERSION = 5.0;
				TARGETED_DEVICE_FAMILY = "1,2";
				TEST_HOST = "$(BUILT_PRODUCTS_DIR)/informacion.app/informacion";
			};
			name = Release;
		};
		8690FBE52343E898002EE6CB /* Debug */ = {
			isa = XCBuildConfiguration;
			buildSettings = {
				ALWAYS_EMBED_SWIFT_STANDARD_LIBRARIES = YES;
				CODE_SIGN_STYLE = Automatic;
				INFOPLIST_FILE = informacionUITests/Info.plist;
				LD_RUNPATH_SEARCH_PATHS = (
					"$(inherited)",
					"@executable_path/Frameworks",
					"@loader_path/Frameworks",
				);
				PRODUCT_BUNDLE_IDENTIFIER = edu.ulsa.informacionUITests;
				PRODUCT_NAME = "$(TARGET_NAME)";
				SWIFT_VERSION = 5.0;
				TARGETED_DEVICE_FAMILY = "1,2";
				TEST_TARGET_NAME = informacion;
			};
			name = Debug;
		};
		8690FBE62343E898002EE6CB /* Release */ = {
			isa = XCBuildConfiguration;
			buildSettings = {
				ALWAYS_EMBED_SWIFT_STANDARD_LIBRARIES = YES;
				CODE_SIGN_STYLE = Automatic;
				INFOPLIST_FILE = informacionUITests/Info.plist;
				LD_RUNPATH_SEARCH_PATHS = (
					"$(inherited)",
					"@executable_path/Frameworks",
					"@loader_path/Frameworks",
				);
				PRODUCT_BUNDLE_IDENTIFIER = edu.ulsa.informacionUITests;
				PRODUCT_NAME = "$(TARGET_NAME)";
				SWIFT_VERSION = 5.0;
				TARGETED_DEVICE_FAMILY = "1,2";
				TEST_TARGET_NAME = informacion;
			};
			name = Release;
		};
/* End XCBuildConfiguration section */

/* Begin XCConfigurationList section */
		8690FBB12343E895002EE6CB /* Build configuration list for PBXProject "informacion" */ = {
			isa = XCConfigurationList;
			buildConfigurations = (
				8690FBDC2343E898002EE6CB /* Debug */,
				8690FBDD2343E898002EE6CB /* Release */,
			);
			defaultConfigurationIsVisible = 0;
			defaultConfigurationName = Release;
		};
		8690FBDE2343E898002EE6CB /* Build configuration list for PBXNativeTarget "informacion" */ = {
			isa = XCConfigurationList;
			buildConfigurations = (
				8690FBDF2343E898002EE6CB /* Debug */,
				8690FBE02343E898002EE6CB /* Release */,
			);
			defaultConfigurationIsVisible = 0;
			defaultConfigurationName = Release;
		};
		8690FBE12343E898002EE6CB /* Build configuration list for PBXNativeTarget "informacionTests" */ = {
			isa = XCConfigurationList;
			buildConfigurations = (
				8690FBE22343E898002EE6CB /* Debug */,
				8690FBE32343E898002EE6CB /* Release */,
			);
			defaultConfigurationIsVisible = 0;
			defaultConfigurationName = Release;
		};
		8690FBE42343E898002EE6CB /* Build configuration list for PBXNativeTarget "informacionUITests" */ = {
			isa = XCConfigurationList;
			buildConfigurations = (
				8690FBE52343E898002EE6CB /* Debug */,
				8690FBE62343E898002EE6CB /* Release */,
			);
			defaultConfigurationIsVisible = 0;
			defaultConfigurationName = Release;
		};
/* End XCConfigurationList section */
	};
	rootObject = 8690FBAE2343E895002EE6CB /* Project object */;
}
